# This file is automatically @generated by Cargo.
# It is not intended for manual editing.
[[package]]
name = "async-basics"
version = "0.1.0"
dependencies = [
 "minimio 0.1.0 (git+https://github.com/cfsamson/examples-minimio)",
]

[[package]]
name = "minimio"
version = "0.1.0"
source = "git+https://github.com/cfsamson/examples-minimio#cb1ceaaf134b33796e22b157d79d198bfc5b8962"

[metadata]
"checksum minimio 0.1.0 (git+https://github.com/cfsamson/examples-minimio)" = "<none>"
